github.com/Crypt0plasm/Firefly-APD v0.0.0-20221211202840-29382c132516 h1:SQM1Xts0BoKPUob3MR9CyEL5ah02N0n77fqSGqn9H14=
github.com/Crypt0plasm/Firefly-APD v0.0.0-20221211202840-29382c132516/go.mod h1:CwaagNpN0/ekxrsPYbbXJL9TAypjWIHIhbSi1ToZDw8=
github.com/pkg/errors v0.9.1 h1:FEBLx1zS214owpjy7qsBeixbURkuhQAwrK5UwLGTwt4=
github.com/pkg/errors v0.9.1/go.mod h1:bwawxfHBFNV+L2hUp1rHADufV3IMtnDRdf1r5NINEl0=
